
Microsoft Visual Studio Solution File, Format Version 12.00
# Visual Studio Version 16
VisualStudioVersion = 16.0.30225.117
MinimumVisualStudioVersion = 10.0.40219.1
Project("{8BC9CEB8-8B4A-11D0-8D11-00A0C91BC942}") = "AvgTemp", "AvgTemp\AvgTemp.vcxproj", "{B18A32FE-4D79-4C5A-AC80-BF4622FCCF0D}"
EndProject
Project("{8BC9CEB8-8B4A-11D0-8D11-00A0C91BC942}") = "Mass", "Mass\Mass.vcxproj", "{2FE88D2B-0F66-4F77-B77D-7F0DAE39BAAB}"
EndProject
Project("{8BC9CEB8-8B4A-11D0-8D11-00A0C91BC942}") = "RegionDB", "RegionDB\RegionDB.vcxproj", "{9919F080-4404-41A9-B3F8-0CE1092ECD0A}"
EndProject
Project("{8BC9CEB8-8B4A-11D0-8D11-00A0C91BC942}") = "TaskTracker", "TaskTracker\TaskTracker.vcxproj", "{D80A3D14-FFC5-4C36-A489-001889B1EED4}"
EndProject
Project("{8BC9CEB8-8B4A-11D0-8D11-00A0C91BC942}") = "TemplateFoos", "TemplateFoos\TemplateFoos.vcxproj", "{BB3DCE6A-9D55-4DB6-8D85-C037C9226A11}"
EndProject
Project("{8BC9CEB8-8B4A-11D0-8D11-00A0C91BC942}") = "GetRefStrict", "GetRefStrict\GetRefStrict.vcxproj", "{749546D7-D702-4545-A27E-7A535432AE07}"
EndProject
Project("{8BC9CEB8-8B4A-11D0-8D11-00A0C91BC942}") = "BusStopsRefactor", "BusStopsRefactor\BusStopsRefactor.vcxproj", "{527CAC63-FA97-4CE5-A7F1-45F2604DD01F}"
EndProject
Project("{8BC9CEB8-8B4A-11D0-8D11-00A0C91BC942}") = "TestingEquation", "TestingEquation\TestingEquation.vcxproj", "{8F734BF6-4DB1-4AD0-8FC9-7F7FFAB8869F}"
EndProject
Project("{8BC9CEB8-8B4A-11D0-8D11-00A0C91BC942}") = "TestingPerson", "TestingPerson\TestingPerson.vcxproj", "{813FEAB5-0220-4042-9774-DD2740FC15D8}"
EndProject
Project("{8BC9CEB8-8B4A-11D0-8D11-00A0C91BC942}") = "TestingRational", "TestingRational\TestingRational.vcxproj", "{346A47A1-7701-4D05-BA3E-6FA97E8EDA0E}"
EndProject
Project("{8BC9CEB8-8B4A-11D0-8D11-00A0C91BC942}") = "TestingPalindrom", "TestingPalindrom\TestingPalindrom.vcxproj", "{81D07D08-14CD-4FE8-A8FB-4C9EA9CBD9B6}"
EndProject
Project("{8BC9CEB8-8B4A-11D0-8D11-00A0C91BC942}") = "sum_reverse_sort", "sum_reverse_sort\sum_reverse_sort.vcxproj", "{C6D470B5-3B37-4DEB-B25B-B0298F31F6EF}"
EndProject
Project("{8BC9CEB8-8B4A-11D0-8D11-00A0C91BC942}") = "PhoneNumber_class", "PhoneNumber_class\PhoneNumber_class.vcxproj", "{D11FC5B3-F533-4683-89AC-03B7EA69DD58}"
EndProject
Project("{8BC9CEB8-8B4A-11D0-8D11-00A0C91BC942}") = "RectangleHeader", "RectangleHeader\RectangleHeader.vcxproj", "{4CE30728-1A48-49FE-B713-8B48EE976B9C}"
EndProject
Project("{8BC9CEB8-8B4A-11D0-8D11-00A0C91BC942}") = "BusStopsRefactor2.0", "BusStopsRefactor2.0\BusStopsRefactor2.0.vcxproj", "{C6393432-344E-48F6-B240-074C89AE05EB}"
EndProject
Project("{8BC9CEB8-8B4A-11D0-8D11-00A0C91BC942}") = "PrintVectorPart", "PrintVectorPart\PrintVectorPart.vcxproj", "{50760A49-22D4-4FC8-A97F-F5BAFFA539BD}"
EndProject
Project("{8BC9CEB8-8B4A-11D0-8D11-00A0C91BC942}") = "FindGreaterElements", "FindGreaterElements\FindGreaterElements.vcxproj", "{FB804A33-19C5-47DD-95B0-40182A5131FC}"
EndProject
Project("{8BC9CEB8-8B4A-11D0-8D11-00A0C91BC942}") = "SplitIntoWords", "SplitIntoWords\SplitIntoWords.vcxproj", "{D59697D7-CBC8-4904-948F-47889E311DA3}"
EndProject
Project("{8BC9CEB8-8B4A-11D0-8D11-00A0C91BC942}") = "RemoveDuplicates", "RemoveDuplicates\RemoveDuplicates.vcxproj", "{AC68B140-23E8-4B0A-B5AA-A3BD7A61E6A1}"
EndProject
Project("{8BC9CEB8-8B4A-11D0-8D11-00A0C91BC942}") = "Demograph", "Demograph\Demograph.vcxproj", "{8E7FD1BD-0D0D-437E-B98A-87DBB1022587}"
EndProject
Project("{8BC9CEB8-8B4A-11D0-8D11-00A0C91BC942}") = "MergeSort", "MergeSort\MergeSort.vcxproj", "{FBF420FB-DDFA-4370-9C88-6117DE8AA3B9}"
EndProject
Project("{8BC9CEB8-8B4A-11D0-8D11-00A0C91BC942}") = "FindNearestElement", "FindNearestElement\FindNearestElement.vcxproj", "{6E471621-2B5A-4652-B7B3-EC7552075E19}"
EndProject
Project("{8BC9CEB8-8B4A-11D0-8D11-00A0C91BC942}") = "NameSurname4", "NameSurname4\NameSurname4.vcxproj", "{50EA0A73-1B88-48B4-B545-98B0A7366AE8}"
EndProject
Project("{8BC9CEB8-8B4A-11D0-8D11-00A0C91BC942}") = "FindStartsWith", "FindStartsWith\FindStartsWith.vcxproj", "{87B4AFFB-72BF-4292-9C0F-A824AA3F7B25}"
EndProject
Project("{8BC9CEB8-8B4A-11D0-8D11-00A0C91BC942}") = "BuildExpression", "BuildExpression\BuildExpression.vcxproj", "{3346C160-AFC2-4D3F-9FA9-6437F570DBD6}"
EndProject
Project("{8BC9CEB8-8B4A-11D0-8D11-00A0C91BC942}") = "Inheritance", "Inheritance\Inheritance.vcxproj", "{09F2E573-DDE4-4C2E-B818-1C1FF2CFBA5A}"
EndProject
Project("{8BC9CEB8-8B4A-11D0-8D11-00A0C91BC942}") = "Notifier", "Notifier\Notifier.vcxproj", "{1C558E7E-0C42-4436-B918-404666561F92}"
EndProject
Project("{8BC9CEB8-8B4A-11D0-8D11-00A0C91BC942}") = "Figures", "Figures\Figures.vcxproj", "{A181000F-3699-4C80-B36B-7B40D746EF4C}"
EndProject
Project("{8BC9CEB8-8B4A-11D0-8D11-00A0C91BC942}") = "Humans", "Humans\Humans.vcxproj", "{A2123077-6C81-4B35-8134-98FFA5262D24}"
EndProject
Global
	GlobalSection(SolutionConfigurationPlatforms) = preSolution
		Debug|x64 = Debug|x64
		Debug|x86 = Debug|x86
		Release|x64 = Release|x64
		Release|x86 = Release|x86
	EndGlobalSection
	GlobalSection(ProjectConfigurationPlatforms) = postSolution
		{B18A32FE-4D79-4C5A-AC80-BF4622FCCF0D}.Debug|x64.ActiveCfg = Debug|x64
		{B18A32FE-4D79-4C5A-AC80-BF4622FCCF0D}.Debug|x64.Build.0 = Debug|x64
		{B18A32FE-4D79-4C5A-AC80-BF4622FCCF0D}.Debug|x86.ActiveCfg = Debug|Win32
		{B18A32FE-4D79-4C5A-AC80-BF4622FCCF0D}.Debug|x86.Build.0 = Debug|Win32
		{B18A32FE-4D79-4C5A-AC80-BF4622FCCF0D}.Release|x64.ActiveCfg = Release|x64
		{B18A32FE-4D79-4C5A-AC80-BF4622FCCF0D}.Release|x64.Build.0 = Release|x64
		{B18A32FE-4D79-4C5A-AC80-BF4622FCCF0D}.Release|x86.ActiveCfg = Release|Win32
		{B18A32FE-4D79-4C5A-AC80-BF4622FCCF0D}.Release|x86.Build.0 = Release|Win32
		{2FE88D2B-0F66-4F77-B77D-7F0DAE39BAAB}.Debug|x64.ActiveCfg = Debug|x64
		{2FE88D2B-0F66-4F77-B77D-7F0DAE39BAAB}.Debug|x64.Build.0 = Debug|x64
		{2FE88D2B-0F66-4F77-B77D-7F0DAE39BAAB}.Debug|x86.ActiveCfg = Debug|Win32
		{2FE88D2B-0F66-4F77-B77D-7F0DAE39BAAB}.Debug|x86.Build.0 = Debug|Win32
		{2FE88D2B-0F66-4F77-B77D-7F0DAE39BAAB}.Release|x64.ActiveCfg = Release|x64
		{2FE88D2B-0F66-4F77-B77D-7F0DAE39BAAB}.Release|x64.Build.0 = Release|x64
		{2FE88D2B-0F66-4F77-B77D-7F0DAE39BAAB}.Release|x86.ActiveCfg = Release|Win32
		{2FE88D2B-0F66-4F77-B77D-7F0DAE39BAAB}.Release|x86.Build.0 = Release|Win32
		{9919F080-4404-41A9-B3F8-0CE1092ECD0A}.Debug|x64.ActiveCfg = Debug|x64
		{9919F080-4404-41A9-B3F8-0CE1092ECD0A}.Debug|x64.Build.0 = Debug|x64
		{9919F080-4404-41A9-B3F8-0CE1092ECD0A}.Debug|x86.ActiveCfg = Debug|Win32
		{9919F080-4404-41A9-B3F8-0CE1092ECD0A}.Debug|x86.Build.0 = Debug|Win32
		{9919F080-4404-41A9-B3F8-0CE1092ECD0A}.Release|x64.ActiveCfg = Release|x64
		{9919F080-4404-41A9-B3F8-0CE1092ECD0A}.Release|x64.Build.0 = Release|x64
		{9919F080-4404-41A9-B3F8-0CE1092ECD0A}.Release|x86.ActiveCfg = Release|Win32
		{9919F080-4404-41A9-B3F8-0CE1092ECD0A}.Release|x86.Build.0 = Release|Win32
		{D80A3D14-FFC5-4C36-A489-001889B1EED4}.Debug|x64.ActiveCfg = Debug|x64
		{D80A3D14-FFC5-4C36-A489-001889B1EED4}.Debug|x64.Build.0 = Debug|x64
		{D80A3D14-FFC5-4C36-A489-001889B1EED4}.Debug|x86.ActiveCfg = Debug|Win32
		{D80A3D14-FFC5-4C36-A489-001889B1EED4}.Debug|x86.Build.0 = Debug|Win32
		{D80A3D14-FFC5-4C36-A489-001889B1EED4}.Release|x64.ActiveCfg = Release|x64
		{D80A3D14-FFC5-4C36-A489-001889B1EED4}.Release|x64.Build.0 = Release|x64
		{D80A3D14-FFC5-4C36-A489-001889B1EED4}.Release|x86.ActiveCfg = Release|Win32
		{D80A3D14-FFC5-4C36-A489-001889B1EED4}.Release|x86.Build.0 = Release|Win32
		{BB3DCE6A-9D55-4DB6-8D85-C037C9226A11}.Debug|x64.ActiveCfg = Debug|x64
		{BB3DCE6A-9D55-4DB6-8D85-C037C9226A11}.Debug|x64.Build.0 = Debug|x64
		{BB3DCE6A-9D55-4DB6-8D85-C037C9226A11}.Debug|x86.ActiveCfg = Debug|Win32
		{BB3DCE6A-9D55-4DB6-8D85-C037C9226A11}.Debug|x86.Build.0 = Debug|Win32
		{BB3DCE6A-9D55-4DB6-8D85-C037C9226A11}.Release|x64.ActiveCfg = Release|x64
		{BB3DCE6A-9D55-4DB6-8D85-C037C9226A11}.Release|x64.Build.0 = Release|x64
		{BB3DCE6A-9D55-4DB6-8D85-C037C9226A11}.Release|x86.ActiveCfg = Release|Win32
		{BB3DCE6A-9D55-4DB6-8D85-C037C9226A11}.Release|x86.Build.0 = Release|Win32
		{749546D7-D702-4545-A27E-7A535432AE07}.Debug|x64.ActiveCfg = Debug|x64
		{749546D7-D702-4545-A27E-7A535432AE07}.Debug|x64.Build.0 = Debug|x64
		{749546D7-D702-4545-A27E-7A535432AE07}.Debug|x86.ActiveCfg = Debug|Win32
		{749546D7-D702-4545-A27E-7A535432AE07}.Debug|x86.Build.0 = Debug|Win32
		{749546D7-D702-4545-A27E-7A535432AE07}.Release|x64.ActiveCfg = Release|x64
		{749546D7-D702-4545-A27E-7A535432AE07}.Release|x64.Build.0 = Release|x64
		{749546D7-D702-4545-A27E-7A535432AE07}.Release|x86.ActiveCfg = Release|Win32
		{749546D7-D702-4545-A27E-7A535432AE07}.Release|x86.Build.0 = Release|Win32
		{527CAC63-FA97-4CE5-A7F1-45F2604DD01F}.Debug|x64.ActiveCfg = Debug|x64
		{527CAC63-FA97-4CE5-A7F1-45F2604DD01F}.Debug|x64.Build.0 = Debug|x64
		{527CAC63-FA97-4CE5-A7F1-45F2604DD01F}.Debug|x86.ActiveCfg = Debug|Win32
		{527CAC63-FA97-4CE5-A7F1-45F2604DD01F}.Debug|x86.Build.0 = Debug|Win32
		{527CAC63-FA97-4CE5-A7F1-45F2604DD01F}.Release|x64.ActiveCfg = Release|x64
		{527CAC63-FA97-4CE5-A7F1-45F2604DD01F}.Release|x64.Build.0 = Release|x64
		{527CAC63-FA97-4CE5-A7F1-45F2604DD01F}.Release|x86.ActiveCfg = Release|Win32
		{527CAC63-FA97-4CE5-A7F1-45F2604DD01F}.Release|x86.Build.0 = Release|Win32
		{8F734BF6-4DB1-4AD0-8FC9-7F7FFAB8869F}.Debug|x64.ActiveCfg = Debug|x64
		{8F734BF6-4DB1-4AD0-8FC9-7F7FFAB8869F}.Debug|x64.Build.0 = Debug|x64
		{8F734BF6-4DB1-4AD0-8FC9-7F7FFAB8869F}.Debug|x86.ActiveCfg = Debug|Win32
		{8F734BF6-4DB1-4AD0-8FC9-7F7FFAB8869F}.Debug|x86.Build.0 = Debug|Win32
		{8F734BF6-4DB1-4AD0-8FC9-7F7FFAB8869F}.Release|x64.ActiveCfg = Release|x64
		{8F734BF6-4DB1-4AD0-8FC9-7F7FFAB8869F}.Release|x64.Build.0 = Release|x64
		{8F734BF6-4DB1-4AD0-8FC9-7F7FFAB8869F}.Release|x86.ActiveCfg = Release|Win32
		{8F734BF6-4DB1-4AD0-8FC9-7F7FFAB8869F}.Release|x86.Build.0 = Release|Win32
		{813FEAB5-0220-4042-9774-DD2740FC15D8}.Debug|x64.ActiveCfg = Debug|x64
		{813FEAB5-0220-4042-9774-DD2740FC15D8}.Debug|x64.Build.0 = Debug|x64
		{813FEAB5-0220-4042-9774-DD2740FC15D8}.Debug|x86.ActiveCfg = Debug|Win32
		{813FEAB5-0220-4042-9774-DD2740FC15D8}.Debug|x86.Build.0 = Debug|Win32
		{813FEAB5-0220-4042-9774-DD2740FC15D8}.Release|x64.ActiveCfg = Release|x64
		{813FEAB5-0220-4042-9774-DD2740FC15D8}.Release|x64.Build.0 = Release|x64
		{813FEAB5-0220-4042-9774-DD2740FC15D8}.Release|x86.ActiveCfg = Release|Win32
		{813FEAB5-0220-4042-9774-DD2740FC15D8}.Release|x86.Build.0 = Release|Win32
		{346A47A1-7701-4D05-BA3E-6FA97E8EDA0E}.Debug|x64.ActiveCfg = Debug|x64
		{346A47A1-7701-4D05-BA3E-6FA97E8EDA0E}.Debug|x64.Build.0 = Debug|x64
		{346A47A1-7701-4D05-BA3E-6FA97E8EDA0E}.Debug|x86.ActiveCfg = Debug|Win32
		{346A47A1-7701-4D05-BA3E-6FA97E8EDA0E}.Debug|x86.Build.0 = Debug|Win32
		{346A47A1-7701-4D05-BA3E-6FA97E8EDA0E}.Release|x64.ActiveCfg = Release|x64
		{346A47A1-7701-4D05-BA3E-6FA97E8EDA0E}.Release|x64.Build.0 = Release|x64
		{346A47A1-7701-4D05-BA3E-6FA97E8EDA0E}.Release|x86.ActiveCfg = Release|Win32
		{346A47A1-7701-4D05-BA3E-6FA97E8EDA0E}.Release|x86.Build.0 = Release|Win32
		{81D07D08-14CD-4FE8-A8FB-4C9EA9CBD9B6}.Debug|x64.ActiveCfg = Debug|x64
		{81D07D08-14CD-4FE8-A8FB-4C9EA9CBD9B6}.Debug|x64.Build.0 = Debug|x64
		{81D07D08-14CD-4FE8-A8FB-4C9EA9CBD9B6}.Debug|x86.ActiveCfg = Debug|Win32
		{81D07D08-14CD-4FE8-A8FB-4C9EA9CBD9B6}.Debug|x86.Build.0 = Debug|Win32
		{81D07D08-14CD-4FE8-A8FB-4C9EA9CBD9B6}.Release|x64.ActiveCfg = Release|x64
		{81D07D08-14CD-4FE8-A8FB-4C9EA9CBD9B6}.Release|x64.Build.0 = Release|x64
		{81D07D08-14CD-4FE8-A8FB-4C9EA9CBD9B6}.Release|x86.ActiveCfg = Release|Win32
		{81D07D08-14CD-4FE8-A8FB-4C9EA9CBD9B6}.Release|x86.Build.0 = Release|Win32
		{C6D470B5-3B37-4DEB-B25B-B0298F31F6EF}.Debug|x64.ActiveCfg = Debug|x64
		{C6D470B5-3B37-4DEB-B25B-B0298F31F6EF}.Debug|x64.Build.0 = Debug|x64
		{C6D470B5-3B37-4DEB-B25B-B0298F31F6EF}.Debug|x86.ActiveCfg = Debug|Win32
		{C6D470B5-3B37-4DEB-B25B-B0298F31F6EF}.Debug|x86.Build.0 = Debug|Win32
		{C6D470B5-3B37-4DEB-B25B-B0298F31F6EF}.Release|x64.ActiveCfg = Release|x64
		{C6D470B5-3B37-4DEB-B25B-B0298F31F6EF}.Release|x64.Build.0 = Release|x64
		{C6D470B5-3B37-4DEB-B25B-B0298F31F6EF}.Release|x86.ActiveCfg = Release|Win32
		{C6D470B5-3B37-4DEB-B25B-B0298F31F6EF}.Release|x86.Build.0 = Release|Win32
		{D11FC5B3-F533-4683-89AC-03B7EA69DD58}.Debug|x64.ActiveCfg = Debug|x64
		{D11FC5B3-F533-4683-89AC-03B7EA69DD58}.Debug|x64.Build.0 = Debug|x64
		{D11FC5B3-F533-4683-89AC-03B7EA69DD58}.Debug|x86.ActiveCfg = Debug|Win32
		{D11FC5B3-F533-4683-89AC-03B7EA69DD58}.Debug|x86.Build.0 = Debug|Win32
		{D11FC5B3-F533-4683-89AC-03B7EA69DD58}.Release|x64.ActiveCfg = Release|x64
		{D11FC5B3-F533-4683-89AC-03B7EA69DD58}.Release|x64.Build.0 = Release|x64
		{D11FC5B3-F533-4683-89AC-03B7EA69DD58}.Release|x86.ActiveCfg = Release|Win32
		{D11FC5B3-F533-4683-89AC-03B7EA69DD58}.Release|x86.Build.0 = Release|Win32
		{4CE30728-1A48-49FE-B713-8B48EE976B9C}.Debug|x64.ActiveCfg = Debug|x64
		{4CE30728-1A48-49FE-B713-8B48EE976B9C}.Debug|x64.Build.0 = Debug|x64
		{4CE30728-1A48-49FE-B713-8B48EE976B9C}.Debug|x86.ActiveCfg = Debug|Win32
		{4CE30728-1A48-49FE-B713-8B48EE976B9C}.Debug|x86.Build.0 = Debug|Win32
		{4CE30728-1A48-49FE-B713-8B48EE976B9C}.Release|x64.ActiveCfg = Release|x64
		{4CE30728-1A48-49FE-B713-8B48EE976B9C}.Release|x64.Build.0 = Release|x64
		{4CE30728-1A48-49FE-B713-8B48EE976B9C}.Release|x86.ActiveCfg = Release|Win32
		{4CE30728-1A48-49FE-B713-8B48EE976B9C}.Release|x86.Build.0 = Release|Win32
		{C6393432-344E-48F6-B240-074C89AE05EB}.Debug|x64.ActiveCfg = Debug|x64
		{C6393432-344E-48F6-B240-074C89AE05EB}.Debug|x64.Build.0 = Debug|x64
		{C6393432-344E-48F6-B240-074C89AE05EB}.Debug|x86.ActiveCfg = Debug|Win32
		{C6393432-344E-48F6-B240-074C89AE05EB}.Debug|x86.Build.0 = Debug|Win32
		{C6393432-344E-48F6-B240-074C89AE05EB}.Release|x64.ActiveCfg = Release|x64
		{C6393432-344E-48F6-B240-074C89AE05EB}.Release|x64.Build.0 = Release|x64
		{C6393432-344E-48F6-B240-074C89AE05EB}.Release|x86.ActiveCfg = Release|Win32
		{C6393432-344E-48F6-B240-074C89AE05EB}.Release|x86.Build.0 = Release|Win32
		{50760A49-22D4-4FC8-A97F-F5BAFFA539BD}.Debug|x64.ActiveCfg = Debug|x64
		{50760A49-22D4-4FC8-A97F-F5BAFFA539BD}.Debug|x64.Build.0 = Debug|x64
		{50760A49-22D4-4FC8-A97F-F5BAFFA539BD}.Debug|x86.ActiveCfg = Debug|Win32
		{50760A49-22D4-4FC8-A97F-F5BAFFA539BD}.Debug|x86.Build.0 = Debug|Win32
		{50760A49-22D4-4FC8-A97F-F5BAFFA539BD}.Release|x64.ActiveCfg = Release|x64
		{50760A49-22D4-4FC8-A97F-F5BAFFA539BD}.Release|x64.Build.0 = Release|x64
		{50760A49-22D4-4FC8-A97F-F5BAFFA539BD}.Release|x86.ActiveCfg = Release|Win32
		{50760A49-22D4-4FC8-A97F-F5BAFFA539BD}.Release|x86.Build.0 = Release|Win32
		{FB804A33-19C5-47DD-95B0-40182A5131FC}.Debug|x64.ActiveCfg = Debug|x64
		{FB804A33-19C5-47DD-95B0-40182A5131FC}.Debug|x64.Build.0 = Debug|x64
		{FB804A33-19C5-47DD-95B0-40182A5131FC}.Debug|x86.ActiveCfg = Debug|Win32
		{FB804A33-19C5-47DD-95B0-40182A5131FC}.Debug|x86.Build.0 = Debug|Win32
		{FB804A33-19C5-47DD-95B0-40182A5131FC}.Release|x64.ActiveCfg = Release|x64
		{FB804A33-19C5-47DD-95B0-40182A5131FC}.Release|x64.Build.0 = Release|x64
		{FB804A33-19C5-47DD-95B0-40182A5131FC}.Release|x86.ActiveCfg = Release|Win32
		{FB804A33-19C5-47DD-95B0-40182A5131FC}.Release|x86.Build.0 = Release|Win32
		{D59697D7-CBC8-4904-948F-47889E311DA3}.Debug|x64.ActiveCfg = Debug|x64
		{D59697D7-CBC8-4904-948F-47889E311DA3}.Debug|x64.Build.0 = Debug|x64
		{D59697D7-CBC8-4904-948F-47889E311DA3}.Debug|x86.ActiveCfg = Debug|Win32
		{D59697D7-CBC8-4904-948F-47889E311DA3}.Debug|x86.Build.0 = Debug|Win32
		{D59697D7-CBC8-4904-948F-47889E311DA3}.Release|x64.ActiveCfg = Release|x64
		{D59697D7-CBC8-4904-948F-47889E311DA3}.Release|x64.Build.0 = Release|x64
		{D59697D7-CBC8-4904-948F-47889E311DA3}.Release|x86.ActiveCfg = Release|Win32
		{D59697D7-CBC8-4904-948F-47889E311DA3}.Release|x86.Build.0 = Release|Win32
		{AC68B140-23E8-4B0A-B5AA-A3BD7A61E6A1}.Debug|x64.ActiveCfg = Debug|x64
		{AC68B140-23E8-4B0A-B5AA-A3BD7A61E6A1}.Debug|x64.Build.0 = Debug|x64
		{AC68B140-23E8-4B0A-B5AA-A3BD7A61E6A1}.Debug|x86.ActiveCfg = Debug|Win32
		{AC68B140-23E8-4B0A-B5AA-A3BD7A61E6A1}.Debug|x86.Build.0 = Debug|Win32
		{AC68B140-23E8-4B0A-B5AA-A3BD7A61E6A1}.Release|x64.ActiveCfg = Release|x64
		{AC68B140-23E8-4B0A-B5AA-A3BD7A61E6A1}.Release|x64.Build.0 = Release|x64
		{AC68B140-23E8-4B0A-B5AA-A3BD7A61E6A1}.Release|x86.ActiveCfg = Release|Win32
		{AC68B140-23E8-4B0A-B5AA-A3BD7A61E6A1}.Release|x86.Build.0 = Release|Win32
		{8E7FD1BD-0D0D-437E-B98A-87DBB1022587}.Debug|x64.ActiveCfg = Debug|x64
		{8E7FD1BD-0D0D-437E-B98A-87DBB1022587}.Debug|x64.Build.0 = Debug|x64
		{8E7FD1BD-0D0D-437E-B98A-87DBB1022587}.Debug|x86.ActiveCfg = Debug|Win32
		{8E7FD1BD-0D0D-437E-B98A-87DBB1022587}.Debug|x86.Build.0 = Debug|Win32
		{8E7FD1BD-0D0D-437E-B98A-87DBB1022587}.Release|x64.ActiveCfg = Release|x64
		{8E7FD1BD-0D0D-437E-B98A-87DBB1022587}.Release|x64.Build.0 = Release|x64
		{8E7FD1BD-0D0D-437E-B98A-87DBB1022587}.Release|x86.ActiveCfg = Release|Win32
		{8E7FD1BD-0D0D-437E-B98A-87DBB1022587}.Release|x86.Build.0 = Release|Win32
		{FBF420FB-DDFA-4370-9C88-6117DE8AA3B9}.Debug|x64.ActiveCfg = Debug|x64
		{FBF420FB-DDFA-4370-9C88-6117DE8AA3B9}.Debug|x64.Build.0 = Debug|x64
		{FBF420FB-DDFA-4370-9C88-6117DE8AA3B9}.Debug|x86.ActiveCfg = Debug|Win32
		{FBF420FB-DDFA-4370-9C88-6117DE8AA3B9}.Debug|x86.Build.0 = Debug|Win32
		{FBF420FB-DDFA-4370-9C88-6117DE8AA3B9}.Release|x64.ActiveCfg = Release|x64
		{FBF420FB-DDFA-4370-9C88-6117DE8AA3B9}.Release|x64.Build.0 = Release|x64
		{FBF420FB-DDFA-4370-9C88-6117DE8AA3B9}.Release|x86.ActiveCfg = Release|Win32
		{FBF420FB-DDFA-4370-9C88-6117DE8AA3B9}.Release|x86.Build.0 = Release|Win32
		{6E471621-2B5A-4652-B7B3-EC7552075E19}.Debug|x64.ActiveCfg = Debug|x64
		{6E471621-2B5A-4652-B7B3-EC7552075E19}.Debug|x64.Build.0 = Debug|x64
		{6E471621-2B5A-4652-B7B3-EC7552075E19}.Debug|x86.ActiveCfg = Debug|Win32
		{6E471621-2B5A-4652-B7B3-EC7552075E19}.Debug|x86.Build.0 = Debug|Win32
		{6E471621-2B5A-4652-B7B3-EC7552075E19}.Release|x64.ActiveCfg = Release|x64
		{6E471621-2B5A-4652-B7B3-EC7552075E19}.Release|x64.Build.0 = Release|x64
		{6E471621-2B5A-4652-B7B3-EC7552075E19}.Release|x86.ActiveCfg = Release|Win32
		{6E471621-2B5A-4652-B7B3-EC7552075E19}.Release|x86.Build.0 = Release|Win32
		{50EA0A73-1B88-48B4-B545-98B0A7366AE8}.Debug|x64.ActiveCfg = Debug|x64
		{50EA0A73-1B88-48B4-B545-98B0A7366AE8}.Debug|x64.Build.0 = Debug|x64
		{50EA0A73-1B88-48B4-B545-98B0A7366AE8}.Debug|x86.ActiveCfg = Debug|Win32
		{50EA0A73-1B88-48B4-B545-98B0A7366AE8}.Debug|x86.Build.0 = Debug|Win32
		{50EA0A73-1B88-48B4-B545-98B0A7366AE8}.Release|x64.ActiveCfg = Release|x64
		{50EA0A73-1B88-48B4-B545-98B0A7366AE8}.Release|x64.Build.0 = Release|x64
		{50EA0A73-1B88-48B4-B545-98B0A7366AE8}.Release|x86.ActiveCfg = Release|Win32
		{50EA0A73-1B88-48B4-B545-98B0A7366AE8}.Release|x86.Build.0 = Release|Win32
		{87B4AFFB-72BF-4292-9C0F-A824AA3F7B25}.Debug|x64.ActiveCfg = Debug|x64
		{87B4AFFB-72BF-4292-9C0F-A824AA3F7B25}.Debug|x64.Build.0 = Debug|x64
		{87B4AFFB-72BF-4292-9C0F-A824AA3F7B25}.Debug|x86.ActiveCfg = Debug|Win32
		{87B4AFFB-72BF-4292-9C0F-A824AA3F7B25}.Debug|x86.Build.0 = Debug|Win32
		{87B4AFFB-72BF-4292-9C0F-A824AA3F7B25}.Release|x64.ActiveCfg = Release|x64
		{87B4AFFB-72BF-4292-9C0F-A824AA3F7B25}.Release|x64.Build.0 = Release|x64
		{87B4AFFB-72BF-4292-9C0F-A824AA3F7B25}.Release|x86.ActiveCfg = Release|Win32
		{87B4AFFB-72BF-4292-9C0F-A824AA3F7B25}.Release|x86.Build.0 = Release|Win32
		{3346C160-AFC2-4D3F-9FA9-6437F570DBD6}.Debug|x64.ActiveCfg = Debug|x64
		{3346C160-AFC2-4D3F-9FA9-6437F570DBD6}.Debug|x64.Build.0 = Debug|x64
		{3346C160-AFC2-4D3F-9FA9-6437F570DBD6}.Debug|x86.ActiveCfg = Debug|Win32
		{3346C160-AFC2-4D3F-9FA9-6437F570DBD6}.Debug|x86.Build.0 = Debug|Win32
		{3346C160-AFC2-4D3F-9FA9-6437F570DBD6}.Release|x64.ActiveCfg = Release|x64
		{3346C160-AFC2-4D3F-9FA9-6437F570DBD6}.Release|x64.Build.0 = Release|x64
		{3346C160-AFC2-4D3F-9FA9-6437F570DBD6}.Release|x86.ActiveCfg = Release|Win32
		{3346C160-AFC2-4D3F-9FA9-6437F570DBD6}.Release|x86.Build.0 = Release|Win32
		{09F2E573-DDE4-4C2E-B818-1C1FF2CFBA5A}.Debug|x64.ActiveCfg = Debug|x64
		{09F2E573-DDE4-4C2E-B818-1C1FF2CFBA5A}.Debug|x64.Build.0 = Debug|x64
		{09F2E573-DDE4-4C2E-B818-1C1FF2CFBA5A}.Debug|x86.ActiveCfg = Debug|Win32
		{09F2E573-DDE4-4C2E-B818-1C1FF2CFBA5A}.Debug|x86.Build.0 = Debug|Win32
		{09F2E573-DDE4-4C2E-B818-1C1FF2CFBA5A}.Release|x64.ActiveCfg = Release|x64
		{09F2E573-DDE4-4C2E-B818-1C1FF2CFBA5A}.Release|x64.Build.0 = Release|x64
		{09F2E573-DDE4-4C2E-B818-1C1FF2CFBA5A}.Release|x86.ActiveCfg = Release|Win32
		{09F2E573-DDE4-4C2E-B818-1C1FF2CFBA5A}.Release|x86.Build.0 = Release|Win32
		{1C558E7E-0C42-4436-B918-404666561F92}.Debug|x64.ActiveCfg = Debug|x64
		{1C558E7E-0C42-4436-B918-404666561F92}.Debug|x64.Build.0 = Debug|x64
		{1C558E7E-0C42-4436-B918-404666561F92}.Debug|x86.ActiveCfg = Debug|Win32
		{1C558E7E-0C42-4436-B918-404666561F92}.Debug|x86.Build.0 = Debug|Win32
		{1C558E7E-0C42-4436-B918-404666561F92}.Release|x64.ActiveCfg = Release|x64
		{1C558E7E-0C42-4436-B918-404666561F92}.Release|x64.Build.0 = Release|x64
		{1C558E7E-0C42-4436-B918-404666561F92}.Release|x86.ActiveCfg = Release|Win32
		{1C558E7E-0C42-4436-B918-404666561F92}.Release|x86.Build.0 = Release|Win32
		{A181000F-3699-4C80-B36B-7B40D746EF4C}.Debug|x64.ActiveCfg = Debug|x64
		{A181000F-3699-4C80-B36B-7B40D746EF4C}.Debug|x64.Build.0 = Debug|x64
		{A181000F-3699-4C80-B36B-7B40D746EF4C}.Debug|x86.ActiveCfg = Debug|Win32
		{A181000F-3699-4C80-B36B-7B40D746EF4C}.Debug|x86.Build.0 = Debug|Win32
		{A181000F-3699-4C80-B36B-7B40D746EF4C}.Release|x64.ActiveCfg = Release|x64
		{A181000F-3699-4C80-B36B-7B40D746EF4C}.Release|x64.Build.0 = Release|x64
		{A181000F-3699-4C80-B36B-7B40D746EF4C}.Release|x86.ActiveCfg = Release|Win32
		{A181000F-3699-4C80-B36B-7B40D746EF4C}.Release|x86.Build.0 = Release|Win32
		{A2123077-6C81-4B35-8134-98FFA5262D24}.Debug|x64.ActiveCfg = Debug|x64
		{A2123077-6C81-4B35-8134-98FFA5262D24}.Debug|x64.Build.0 = Debug|x64
		{A2123077-6C81-4B35-8134-98FFA5262D24}.Debug|x86.ActiveCfg = Debug|Win32
		{A2123077-6C81-4B35-8134-98FFA5262D24}.Debug|x86.Build.0 = Debug|Win32
		{A2123077-6C81-4B35-8134-98FFA5262D24}.Release|x64.ActiveCfg = Release|x64
		{A2123077-6C81-4B35-8134-98FFA5262D24}.Release|x64.Build.0 = Release|x64
		{A2123077-6C81-4B35-8134-98FFA5262D24}.Release|x86.ActiveCfg = Release|Win32
		{A2123077-6C81-4B35-8134-98FFA5262D24}.Release|x86.Build.0 = Release|Win32
	EndGlobalSection
	GlobalSection(SolutionProperties) = preSolution
		HideSolutionNode = FALSE
	EndGlobalSection
	GlobalSection(ExtensibilityGlobals) = postSolution
		SolutionGuid = {9264D52B-DA04-4725-AE13-D568FAEE34AB}
	EndGlobalSection
EndGlobal
